// !$*UTF8*$!
{
	archiveVersion = 1;
	classes = {
	};
	objectVersion = 56;
	objects = {

/* Begin PBXBuildFile section */
		7853FDCF2C40245D00956529 /* App675App.swift in Sources */ = {isa = PBXBuildFile; fileRef = 7853FDCE2C40245D00956529 /* App675App.swift */; };
		7853FDD12C40245D00956529 /* ContentView.swift in Sources */ = {isa = PBXBuildFile; fileRef = 7853FDD02C40245D00956529 /* ContentView.swift */; };
		7853FDD32C40245F00956529 /* Assets.xcassets in Resources */ = {isa = PBXBuildFile; fileRef = 7853FDD22C40245F00956529 /* Assets.xcassets */; };
		7853FDD72C40245F00956529 /* Preview Assets.xcassets in Resources */ = {isa = PBXBuildFile; fileRef = 7853FDD62C40245F00956529 /* Preview Assets.xcassets */; };
		7853FDE72C4026FB00956529 /* Launch Screen.storyboard in Resources */ = {isa = PBXBuildFile; fileRef = 7853FDE62C4026FB00956529 /* Launch Screen.storyboard */; };
		7853FDE92C40270D00956529 /* LoadingView.swift in Sources */ = {isa = PBXBuildFile; fileRef = 7853FDE82C40270D00956529 /* LoadingView.swift */; };
		7853FDEE2C46C45D00956529 /* R1.swift in Sources */ = {isa = PBXBuildFile; fileRef = 7853FDED2C46C45D00956529 /* R1.swift */; };
		7853FDF02C46C46100956529 /* R2.swift in Sources */ = {isa = PBXBuildFile; fileRef = 7853FDEF2C46C46100956529 /* R2.swift */; };
		7853FDF22C46C46600956529 /* U1.swift in Sources */ = {isa = PBXBuildFile; fileRef = 7853FDF12C46C46600956529 /* U1.swift */; };
		7853FDF42C46C46B00956529 /* Not.swift in Sources */ = {isa = PBXBuildFile; fileRef = 7853FDF32C46C46B00956529 /* Not.swift */; };
		7853FDF62C46C47200956529 /* Reviews.swift in Sources */ = {isa = PBXBuildFile; fileRef = 7853FDF52C46C47200956529 /* Reviews.swift */; };
		7853FDF82C46C47C00956529 /* TabBar.swift in Sources */ = {isa = PBXBuildFile; fileRef = 7853FDF72C46C47C00956529 /* TabBar.swift */; };
		7853FDFA2C46C48A00956529 /* CoreDataStack.swift in Sources */ = {isa = PBXBuildFile; fileRef = 7853FDF92C46C48A00956529 /* CoreDataStack.swift */; };
		7853FDFC2C46C49000956529 /* Array.swift in Sources */ = {isa = PBXBuildFile; fileRef = 7853FDFB2C46C49000956529 /* Array.swift */; };
		7853FDFF2C46C49D00956529 /* CoreModel.xcdatamodeld in Sources */ = {isa = PBXBuildFile; fileRef = 7853FDFD2C46C49D00956529 /* CoreModel.xcdatamodeld */; };
		7853FE042C46C4C700956529 /* GamesView.swift in Sources */ = {isa = PBXBuildFile; fileRef = 7853FE032C46C4C700956529 /* GamesView.swift */; };
		7853FE062C46C4CE00956529 /* AchievementsView.swift in Sources */ = {isa = PBXBuildFile; fileRef = 7853FE052C46C4CE00956529 /* AchievementsView.swift */; };
		7853FE082C46C4D500956529 /* SettingsView.swift in Sources */ = {isa = PBXBuildFile; fileRef = 7853FE072C46C4D500956529 /* SettingsView.swift */; };
		7853FE0A2C46C7EB00956529 /* GamesViewModel.swift in Sources */ = {isa = PBXBuildFile; fileRef = 7853FE092C46C7EB00956529 /* GamesViewModel.swift */; };
		78B38DA92C46D87D00DD1121 /* AddGame.swift in Sources */ = {isa = PBXBuildFile; fileRef = 78B38DA82C46D87D00DD1121 /* AddGame.swift */; };
/* End PBXBuildFile section */

/* Begin PBXFileReference section */
		7853FDCB2C40245D00956529 /* App675.app */ = {isa = PBXFileReference; explicitFileType = wrapper.application; includeInIndex = 0; path = App675.app; sourceTree = BUILT_PRODUCTS_DIR; };
		7853FDCE2C40245D00956529 /* App675App.swift */ = {isa = PBXFileReference; lastKnownFileType = sourcecode.swift; path = App675App.swift; sourceTree = "<group>"; };
		7853FDD02C40245D00956529 /* ContentView.swift */ = {isa = PBXFileReference; lastKnownFileType = sourcecode.swift; path = ContentView.swift; sourceTree = "<group>"; };
		7853FDD22C40245F00956529 /* Assets.xcassets */ = {isa = PBXFileReference; lastKnownFileType = folder.assetcatalog; path = Assets.xcassets; sourceTree = "<group>"; };
		7853FDD42C40245F00956529 /* App675.entitlements */ = {isa = PBXFileReference; lastKnownFileType = text.plist.entitlements; path = App675.entitlements; sourceTree = "<group>"; };
		7853FDD62C40245F00956529 /* Preview Assets.xcassets */ = {isa = PBXFileReference; lastKnownFileType = folder.assetcatalog; path = "Preview Assets.xcassets"; sourceTree = "<group>"; };
		7853FDE62C4026FB00956529 /* Launch Screen.storyboard */ = {isa = PBXFileReference; lastKnownFileType = file.storyboard; path = "Launch Screen.storyboard"; sourceTree = "<group>"; };
		7853FDE82C40270D00956529 /* LoadingView.swift */ = {isa = PBXFileReference; lastKnownFileType = sourcecode.swift; path = LoadingView.swift; sourceTree = "<group>"; };
		7853FDED2C46C45D00956529 /* R1.swift */ = {isa = PBXFileReference; lastKnownFileType = sourcecode.swift; path = R1.swift; sourceTree = "<group>"; };
		7853FDEF2C46C46100956529 /* R2.swift */ = {isa = PBXFileReference; lastKnownFileType = sourcecode.swift; path = R2.swift; sourceTree = "<group>"; };
		7853FDF12C46C46600956529 /* U1.swift */ = {isa = PBXFileReference; lastKnownFileType = sourcecode.swift; path = U1.swift; sourceTree = "<group>"; };
		7853FDF32C46C46B00956529 /* Not.swift */ = {isa = PBXFileReference; lastKnownFileType = sourcecode.swift; path = Not.swift; sourceTree = "<group>"; };
		7853FDF52C46C47200956529 /* Reviews.swift */ = {isa = PBXFileReference; lastKnownFileType = sourcecode.swift; path = Reviews.swift; sourceTree = "<group>"; };
		7853FDF72C46C47C00956529 /* TabBar.swift */ = {isa = PBXFileReference; lastKnownFileType = sourcecode.swift; path = TabBar.swift; sourceTree = "<group>"; };
		7853FDF92C46C48A00956529 /* CoreDataStack.swift */ = {isa = PBXFileReference; lastKnownFileType = sourcecode.swift; path = CoreDataStack.swift; sourceTree = "<group>"; };
		7853FDFB2C46C49000956529 /* Array.swift */ = {isa = PBXFileReference; lastKnownFileType = sourcecode.swift; path = Array.swift; sourceTree = "<group>"; };
		7853FDFE2C46C49D00956529 /* CoreModel.xcdatamodel */ = {isa = PBXFileReference; lastKnownFileType = wrapper.xcdatamodel; path = CoreModel.xcdatamodel; sourceTree = "<group>"; };
		7853FE032C46C4C700956529 /* GamesView.swift */ = {isa = PBXFileReference; lastKnownFileType = sourcecode.swift; path = GamesView.swift; sourceTree = "<group>"; };
		7853FE052C46C4CE00956529 /* AchievementsView.swift */ = {isa = PBXFileReference; lastKnownFileType = sourcecode.swift; path = AchievementsView.swift; sourceTree = "<group>"; };
		7853FE072C46C4D500956529 /* SettingsView.swift */ = {isa = PBXFileReference; lastKnownFileType = sourcecode.swift; path = SettingsView.swift; sourceTree = "<group>"; };
		7853FE092C46C7EB00956529 /* GamesViewModel.swift */ = {isa = PBXFileReference; lastKnownFileType = sourcecode.swift; path = GamesViewModel.swift; sourceTree = "<group>"; };
		78B38DA82C46D87D00DD1121 /* AddGame.swift */ = {isa = PBXFileReference; lastKnownFileType = sourcecode.swift; path = AddGame.swift; sourceTree = "<group>"; };
/* End PBXFileReference section */

/* Begin PBXFrameworksBuildPhase section */
		7853FDC82C40245D00956529 /* Frameworks */ = {
			isa = PBXFrameworksBuildPhase;
			buildActionMask = 2147483647;
			files = (
			);
			runOnlyForDeploymentPostprocessing = 0;
		};
/* End PBXFrameworksBuildPhase section */

/* Begin PBXGroup section */
		7853FDC22C40245D00956529 = {
			isa = PBXGroup;
			children = (
				7853FDCD2C40245D00956529 /* App675 */,
				7853FDCC2C40245D00956529 /* Products */,
			);
			sourceTree = "<group>";
		};
		7853FDCC2C40245D00956529 /* Products */ = {
			isa = PBXGroup;
			children = (
				7853FDCB2C40245D00956529 /* App675.app */,
			);
			name = Products;
			sourceTree = "<group>";
		};
		7853FDCD2C40245D00956529 /* App675 */ = {
			isa = PBXGroup;
			children = (
				7853FDDD2C4024A400956529 /* Project */,
				7853FDCE2C40245D00956529 /* App675App.swift */,
				7853FDD02C40245D00956529 /* ContentView.swift */,
				7853FDD22C40245F00956529 /* Assets.xcassets */,
				7853FDD42C40245F00956529 /* App675.entitlements */,
				7853FDD52C40245F00956529 /* Preview Content */,
			);
			path = App675;
			sourceTree = "<group>";
		};
		7853FDD52C40245F00956529 /* Preview Content */ = {
			isa = PBXGroup;
			children = (
				7853FDD62C40245F00956529 /* Preview Assets.xcassets */,
			);
			path = "Preview Content";
			sourceTree = "<group>";
		};
		7853FDDD2C4024A400956529 /* Project */ = {
			isa = PBXGroup;
			children = (
				7853FDE12C4024BA00956529 /* Views */,
				7853FDE02C4024B500956529 /* Extensions */,
				7853FDDF2C4024AF00956529 /* TabBar */,
				7853FDDE2C4024AB00956529 /* Start */,
			);
			path = Project;
			sourceTree = "<group>";
		};
		7853FDDE2C4024AB00956529 /* Start */ = {
			isa = PBXGroup;
			children = (
				7853FDE52C4026F400956529 /* R */,
				7853FDE42C4026F000956529 /* U */,
				7853FDE32C4026EB00956529 /* Loading */,
				7853FDE22C4026E400956529 /* Launch */,
			);
			path = Start;
			sourceTree = "<group>";
		};
		7853FDDF2C4024AF00956529 /* TabBar */ = {
			isa = PBXGroup;
			children = (
				7853FDF72C46C47C00956529 /* TabBar.swift */,
			);
			path = TabBar;
			sourceTree = "<group>";
		};
		7853FDE02C4024B500956529 /* Extensions */ = {
			isa = PBXGroup;
			children = (
				7853FDF92C46C48A00956529 /* CoreDataStack.swift */,
				7853FDFB2C46C49000956529 /* Array.swift */,
				7853FDFD2C46C49D00956529 /* CoreModel.xcdatamodeld */,
			);
			path = Extensions;
			sourceTree = "<group>";
		};
		7853FDE12C4024BA00956529 /* Views */ = {
			isa = PBXGroup;
			children = (
				7853FE022C46C4BC00956529 /* Games */,
				7853FE012C46C4B100956529 /* Achievements */,
				7853FE002C46C4AC00956529 /* Settings */,
			);
			path = Views;
			sourceTree = "<group>";
		};
		7853FDE22C4026E400956529 /* Launch */ = {
			isa = PBXGroup;
			children = (
				7853FDE62C4026FB00956529 /* Launch Screen.storyboard */,
			);
			path = Launch;
			sourceTree = "<group>";
		};
		7853FDE32C4026EB00956529 /* Loading */ = {
			isa = PBXGroup;
			children = (
				7853FDE82C40270D00956529 /* LoadingView.swift */,
			);
			path = Loading;
			sourceTree = "<group>";
		};
		7853FDE42C4026F000956529 /* U */ = {
			isa = PBXGroup;
			children = (
				7853FDF12C46C46600956529 /* U1.swift */,
				7853FDF52C46C47200956529 /* Reviews.swift */,
				7853FDF32C46C46B00956529 /* Not.swift */,
			);
			path = U;
			sourceTree = "<group>";
		};
		7853FDE52C4026F400956529 /* R */ = {
			isa = PBXGroup;
			children = (
				7853FDED2C46C45D00956529 /* R1.swift */,
				7853FDEF2C46C46100956529 /* R2.swift */,
			);
			path = R;
			sourceTree = "<group>";
		};
		7853FE002C46C4AC00956529 /* Settings */ = {
			isa = PBXGroup;
			children = (
				7853FE072C46C4D500956529 /* SettingsView.swift */,
			);
			path = Settings;
			sourceTree = "<group>";
		};
		7853FE012C46C4B100956529 /* Achievements */ = {
			isa = PBXGroup;
			children = (
				7853FE052C46C4CE00956529 /* AchievementsView.swift */,
			);
			path = Achievements;
			sourceTree = "<group>";
		};
		7853FE022C46C4BC00956529 /* Games */ = {
			isa = PBXGroup;
			children = (
				78B38DA72C46D87400DD1121 /* AddGame */,
				7853FE032C46C4C700956529 /* GamesView.swift */,
				7853FE092C46C7EB00956529 /* GamesViewModel.swift */,
			);
			path = Games;
			sourceTree = "<group>";
		};
		78B38DA72C46D87400DD1121 /* AddGame */ = {
			isa = PBXGroup;
			children = (
				78B38DA82C46D87D00DD1121 /* AddGame.swift */,
			);
			path = AddGame;
			sourceTree = "<group>";
		};
/* End PBXGroup section */

/* Begin PBXNativeTarget section */
		7853FDCA2C40245D00956529 /* App675 */ = {
			isa = PBXNativeTarget;
			buildConfigurationList = 7853FDDA2C40245F00956529 /* Build configuration list for PBXNativeTarget "App675" */;
			buildPhases = (
				7853FDC72C40245D00956529 /* Sources */,
				7853FDC82C40245D00956529 /* Frameworks */,
				7853FDC92C40245D00956529 /* Resources */,
			);
			buildRules = (
			);
			dependencies = (
			);
			name = App675;
			productName = App675;
			productReference = 7853FDCB2C40245D00956529 /* App675.app */;
			productType = "com.apple.product-type.application";
		};
/* End PBXNativeTarget section */

/* Begin PBXProject section */
		7853FDC32C40245D00956529 /* Project object */ = {
			isa = PBXProject;
			attributes = {
				BuildIndependentTargetsInParallel = 1;
				LastSwiftUpdateCheck = 1540;
				LastUpgradeCheck = 1540;
				TargetAttributes = {
					7853FDCA2C40245D00956529 = {
						CreatedOnToolsVersion = 15.4;
					};
				};
			};
			buildConfigurationList = 7853FDC62C40245D00956529 /* Build configuration list for PBXProject "App675" */;
			compatibilityVersion = "Xcode 14.0";
			developmentRegion = en;
			hasScannedForEncodings = 0;
			knownRegions = (
				en,
				Base,
			);
			mainGroup = 7853FDC22C40245D00956529;
			productRefGroup = 7853FDCC2C40245D00956529 /* Products */;
			projectDirPath = "";
			projectRoot = "";
			targets = (
				7853FDCA2C40245D00956529 /* App675 */,
			);
		};
/* End PBXProject section */

/* Begin PBXResourcesBuildPhase section */
		7853FDC92C40245D00956529 /* Resources */ = {
			isa = PBXResourcesBuildPhase;
			buildActionMask = 2147483647;
			files = (
				7853FDE72C4026FB00956529 /* Launch Screen.storyboard in Resources */,
				7853FDD72C40245F00956529 /* Preview Assets.xcassets in Resources */,
				7853FDD32C40245F00956529 /* Assets.xcassets in Resources */,
			);
			runOnlyForDeploymentPostprocessing = 0;
		};
/* End PBXResourcesBuildPhase section */

/* Begin PBXSourcesBuildPhase section */
		7853FDC72C40245D00956529 /* Sources */ = {
			isa = PBXSourcesBuildPhase;
			buildActionMask = 2147483647;
			files = (
				7853FE082C46C4D500956529 /* SettingsView.swift in Sources */,
				7853FDF82C46C47C00956529 /* TabBar.swift in Sources */,
				7853FDD12C40245D00956529 /* ContentView.swift in Sources */,
				7853FE062C46C4CE00956529 /* AchievementsView.swift in Sources */,
				7853FE042C46C4C700956529 /* GamesView.swift in Sources */,
				7853FDCF2C40245D00956529 /* App675App.swift in Sources */,
				7853FDEE2C46C45D00956529 /* R1.swift in Sources */,
				7853FDFF2C46C49D00956529 /* CoreModel.xcdatamodeld in Sources */,
				7853FE0A2C46C7EB00956529 /* GamesViewModel.swift in Sources */,
				7853FDF02C46C46100956529 /* R2.swift in Sources */,
				7853FDFA2C46C48A00956529 /* CoreDataStack.swift in Sources */,
				7853FDFC2C46C49000956529 /* Array.swift in Sources */,
				7853FDF42C46C46B00956529 /* Not.swift in Sources */,
				78B38DA92C46D87D00DD1121 /* AddGame.swift in Sources */,
				7853FDF62C46C47200956529 /* Reviews.swift in Sources */,
				7853FDE92C40270D00956529 /* LoadingView.swift in Sources */,
				7853FDF22C46C46600956529 /* U1.swift in Sources */,
			);
			runOnlyForDeploymentPostprocessing = 0;
		};
/* End PBXSourcesBuildPhase section */

/* Begin XCBuildConfiguration section */
		7853FDD82C40245F00956529 /* Debug */ = {
			isa = XCBuildConfiguration;
			buildSettings = {
				ALWAYS_SEARCH_USER_PATHS = NO;
				ASSETCATALOG_COMPILER_GENERATE_SWIFT_ASSET_SYMBOL_EXTENSIONS = YES;
				CLANG_ANALYZER_NONNULL = YES;
				CLANG_ANALYZER_NUMBER_OBJECT_CONVERSION = YES_AGGRESSIVE;
				CLANG_CXX_LANGUAGE_STANDARD = "gnu++20";
				CLANG_ENABLE_MODULES = YES;
				CLANG_ENABLE_OBJC_ARC = YES;
				CLANG_ENABLE_OBJC_WEAK = YES;
				CLANG_WARN_BLOCK_CAPTURE_AUTORELEASING = YES;
				CLANG_WARN_BOOL_CONVERSION = YES;
				CLANG_WARN_COMMA = YES;
				CLANG_WARN_CONSTANT_CONVERSION = YES;
				CLANG_WARN_DEPRECATED_OBJC_IMPLEMENTATIONS = YES;
				CLANG_WARN_DIRECT_OBJC_ISA_USAGE = YES_ERROR;
				CLANG_WARN_DOCUMENTATION_COMMENTS = YES;
				CLANG_WARN_EMPTY_BODY = YES;
				CLANG_WARN_ENUM_CONVERSION = YES;
				CLANG_WARN_INFINITE_RECURSION = YES;
				CLANG_WARN_INT_CONVERSION = YES;
				CLANG_WARN_NON_LITERAL_NULL_CONVERSION = YES;
				CLANG_WARN_OBJC_IMPLICIT_RETAIN_SELF = YES;
				CLANG_WARN_OBJC_LITERAL_CONVERSION = YES;
				CLANG_WARN_OBJC_ROOT_CLASS = YES_ERROR;
				CLANG_WARN_QUOTED_INCLUDE_IN_FRAMEWORK_HEADER = YES;
				CLANG_WARN_RANGE_LOOP_ANALYSIS = YES;
				CLANG_WARN_STRICT_PROTOTYPES = YES;
				CLANG_WARN_SUSPICIOUS_MOVE = YES;
				CLANG_WARN_UNGUARDED_AVAILABILITY = YES_AGGRESSIVE;
				CLANG_WARN_UNREACHABLE_CODE = YES;
				CLANG_WARN__DUPLICATE_METHOD_MATCH = YES;
				COPY_PHASE_STRIP = NO;
				DEBUG_INFORMATION_FORMAT = dwarf;
				ENABLE_STRICT_OBJC_MSGSEND = YES;
				ENABLE_TESTABILITY = YES;
				ENABLE_USER_SCRIPT_SANDBOXING = YES;
				GCC_C_LANGUAGE_STANDARD = gnu17;
				GCC_DYNAMIC_NO_PIC = NO;
				GCC_NO_COMMON_BLOCKS = YES;
				GCC_OPTIMIZATION_LEVEL = 0;
				GCC_PREPROCESSOR_DEFINITIONS = (
					"DEBUG=1",
					"$(inherited)",
				);
				GCC_WARN_64_TO_32_BIT_CONVERSION = YES;
				GCC_WARN_ABOUT_RETURN_TYPE = YES_ERROR;
				GCC_WARN_UNDECLARED_SELECTOR = YES;
				GCC_WARN_UNINITIALIZED_AUTOS = YES_AGGRESSIVE;
				GCC_WARN_UNUSED_FUNCTION = YES;
				GCC_WARN_UNUSED_VARIABLE = YES;
				LOCALIZATION_PREFERS_STRING_CATALOGS = YES;
				MTL_ENABLE_DEBUG_INFO = INCLUDE_SOURCE;
				MTL_FAST_MATH = YES;
				ONLY_ACTIVE_ARCH = YES;
				SWIFT_ACTIVE_COMPILATION_CONDITIONS = "DEBUG $(inherited)";
				SWIFT_OPTIMIZATION_LEVEL = "-Onone";
			};
			name = Debug;
		};
		7853FDD92C40245F00956529 /* Release */ = {
			isa = XCBuildConfiguration;
			buildSettings = {
				ALWAYS_SEARCH_USER_PATHS = NO;
				ASSETCATALOG_COMPILER_GENERATE_SWIFT_ASSET_SYMBOL_EXTENSIONS = YES;
				CLANG_ANALYZER_NONNULL = YES;
				CLANG_ANALYZER_NUMBER_OBJECT_CONVERSION = YES_AGGRESSIVE;
				CLANG_CXX_LANGUAGE_STANDARD = "gnu++20";
				CLANG_ENABLE_MODULES = YES;
				CLANG_ENABLE_OBJC_ARC = YES;
				CLANG_ENABLE_OBJC_WEAK = YES;
				CLANG_WARN_BLOCK_CAPTURE_AUTORELEASING = YES;
				CLANG_WARN_BOOL_CONVERSION = YES;
				CLANG_WARN_COMMA = YES;
				CLANG_WARN_CONSTANT_CONVERSION = YES;
				CLANG_WARN_DEPRECATED_OBJC_IMPLEMENTATIONS = YES;
				CLANG_WARN_DIRECT_OBJC_ISA_USAGE = YES_ERROR;
				CLANG_WARN_DOCUMENTATION_COMMENTS = YES;
				CLANG_WARN_EMPTY_BODY = YES;
				CLANG_WARN_ENUM_CONVERSION = YES;
				CLANG_WARN_INFINITE_RECURSION = YES;
				CLANG_WARN_INT_CONVERSION = YES;
				CLANG_WARN_NON_LITERAL_NULL_CONVERSION = YES;
				CLANG_WARN_OBJC_IMPLICIT_RETAIN_SELF = YES;
				CLANG_WARN_OBJC_LITERAL_CONVERSION = YES;
				CLANG_WARN_OBJC_ROOT_CLASS = YES_ERROR;
				CLANG_WARN_QUOTED_INCLUDE_IN_FRAMEWORK_HEADER = YES;
				CLANG_WARN_RANGE_LOOP_ANALYSIS = YES;
				CLANG_WARN_STRICT_PROTOTYPES = YES;
				CLANG_WARN_SUSPICIOUS_MOVE = YES;
				CLANG_WARN_UNGUARDED_AVAILABILITY = YES_AGGRESSIVE;
				CLANG_WARN_UNREACHABLE_CODE = YES;
				CLANG_WARN__DUPLICATE_METHOD_MATCH = YES;
				COPY_PHASE_STRIP = NO;
				DEBUG_INFORMATION_FORMAT = "dwarf-with-dsym";
				ENABLE_NS_ASSERTIONS = NO;
				ENABLE_STRICT_OBJC_MSGSEND = YES;
				ENABLE_USER_SCRIPT_SANDBOXING = YES;
				GCC_C_LANGUAGE_STANDARD = gnu17;
				GCC_NO_COMMON_BLOCKS = YES;
				GCC_WARN_64_TO_32_BIT_CONVERSION = YES;
				GCC_WARN_ABOUT_RETURN_TYPE = YES_ERROR;
				GCC_WARN_UNDECLARED_SELECTOR = YES;
				GCC_WARN_UNINITIALIZED_AUTOS = YES_AGGRESSIVE;
				GCC_WARN_UNUSED_FUNCTION = YES;
				GCC_WARN_UNUSED_VARIABLE = YES;
				LOCALIZATION_PREFERS_STRING_CATALOGS = YES;
				MTL_ENABLE_DEBUG_INFO = NO;
				MTL_FAST_MATH = YES;
				SWIFT_COMPILATION_MODE = wholemodule;
			};
			name = Release;
		};
		7853FDDB2C40245F00956529 /* Debug */ = {
			isa = XCBuildConfiguration;
			buildSettings = {
				ASSETCATALOG_COMPILER_APPICON_NAME = AppIcon;
				ASSETCATALOG_COMPILER_GLOBAL_ACCENT_COLOR_NAME = AccentColor;
				CODE_SIGN_ENTITLEMENTS = App675/App675.entitlements;
				CODE_SIGN_STYLE = Automatic;
				CURRENT_PROJECT_VERSION = 1;
				DEVELOPMENT_ASSET_PATHS = "\"App675/Preview Content\"";
				ENABLE_PREVIEWS = YES;
				GENERATE_INFOPLIST_FILE = YES;
				INFOPLIST_KEY_CFBundleDisplayName = "VibeSync\n";
				"INFOPLIST_KEY_UIApplicationSceneManifest_Generation[sdk=iphoneos*]" = YES;
				"INFOPLIST_KEY_UIApplicationSceneManifest_Generation[sdk=iphonesimulator*]" = YES;
				"INFOPLIST_KEY_UIApplicationSupportsIndirectInputEvents[sdk=iphoneos*]" = YES;
				"INFOPLIST_KEY_UIApplicationSupportsIndirectInputEvents[sdk=iphonesimulator*]" = YES;
				"INFOPLIST_KEY_UILaunchScreen_Generation[sdk=iphoneos*]" = YES;
				"INFOPLIST_KEY_UILaunchScreen_Generation[sdk=iphonesimulator*]" = YES;
				INFOPLIST_KEY_UILaunchStoryboardName = "Launch Screen.storyboard";
				"INFOPLIST_KEY_UIStatusBarStyle[sdk=iphoneos*]" = UIStatusBarStyleDefault;
				"INFOPLIST_KEY_UIStatusBarStyle[sdk=iphonesimulator*]" = UIStatusBarStyleDefault;
				INFOPLIST_KEY_UISupportedInterfaceOrientations = UIInterfaceOrientationPortrait;
				INFOPLIST_KEY_UISupportedInterfaceOrientations_iPad = "UIInterfaceOrientationLandscapeLeft UIInterfaceOrientationLandscapeRight UIInterfaceOrientationPortrait UIInterfaceOrientationPortraitUpsideDown";
				IPHONEOS_DEPLOYMENT_TARGET = 14.0;
				LD_RUNPATH_SEARCH_PATHS = "@executable_path/Frameworks";
				"LD_RUNPATH_SEARCH_PATHS[sdk=macosx*]" = "@executable_path/../Frameworks";
				MACOSX_DEPLOYMENT_TARGET = 14.1;
				MARKETING_VERSION = 1.0;
				PRODUCT_BUNDLE_IDENTIFIER = IOI.App675;
				PRODUCT_NAME = "$(TARGET_NAME)";
				SDKROOT = auto;
				SUPPORTED_PLATFORMS = "iphoneos iphonesimulator";
				SUPPORTS_MACCATALYST = NO;
				SWIFT_EMIT_LOC_STRINGS = YES;
				SWIFT_VERSION = 5.0;
				TARGETED_DEVICE_FAMILY = 1;
			};
			name = Debug;
		};
		7853FDDC2C40245F00956529 /* Release */ = {
			isa = XCBuildConfiguration;
			buildSettings = {
				ASSETCATALOG_COMPILER_APPICON_NAME = AppIcon;
				ASSETCATALOG_COMPILER_GLOBAL_ACCENT_COLOR_NAME = AccentColor;
				CODE_SIGN_ENTITLEMENTS = App675/App675.entitlements;
				CODE_SIGN_STYLE = Automatic;
				CURRENT_PROJECT_VERSION = 1;
				DEVELOPMENT_ASSET_PATHS = "\"App675/Preview Content\"";
				ENABLE_PREVIEWS = YES;
				GENERATE_INFOPLIST_FILE = YES;
				INFOPLIST_KEY_CFBundleDisplayName = "VibeSync\n";
				"INFOPLIST_KEY_UIApplicationSceneManifest_Generation[sdk=iphoneos*]" = YES;
				"INFOPLIST_KEY_UIApplicationSceneManifest_Generation[sdk=iphonesimulator*]" = YES;
				"INFOPLIST_KEY_UIApplicationSupportsIndirectInputEvents[sdk=iphoneos*]" = YES;
				"INFOPLIST_KEY_UIApplicationSupportsIndirectInputEvents[sdk=iphonesimulator*]" = YES;
				"INFOPLIST_KEY_UILaunchScreen_Generation[sdk=iphoneos*]" = YES;
				"INFOPLIST_KEY_UILaunchScreen_Generation[sdk=iphonesimulator*]" = YES;
				INFOPLIST_KEY_UILaunchStoryboardName = "Launch Screen.storyboard";
				"INFOPLIST_KEY_UIStatusBarStyle[sdk=iphoneos*]" = UIStatusBarStyleDefault;
				"INFOPLIST_KEY_UIStatusBarStyle[sdk=iphonesimulator*]" = UIStatusBarStyleDefault;
				INFOPLIST_KEY_UISupportedInterfaceOrientations = UIInterfaceOrientationPortrait;
				INFOPLIST_KEY_UISupportedInterfaceOrientations_iPad = "UIInterfaceOrientationLandscapeLeft UIInterfaceOrientationLandscapeRight UIInterfaceOrientationPortrait UIInterfaceOrientationPortraitUpsideDown";
				IPHONEOS_DEPLOYMENT_TARGET = 14.0;
				LD_RUNPATH_SEARCH_PATHS = "@executable_path/Frameworks";
				"LD_RUNPATH_SEARCH_PATHS[sdk=macosx*]" = "@executable_path/../Frameworks";
				MACOSX_DEPLOYMENT_TARGET = 14.1;
				MARKETING_VERSION = 1.0;
				PRODUCT_BUNDLE_IDENTIFIER = IOI.App675;
				PRODUCT_NAME = "$(TARGET_NAME)";
				SDKROOT = auto;
				SUPPORTED_PLATFORMS = "iphoneos iphonesimulator";
				SUPPORTS_MACCATALYST = NO;
				SWIFT_EMIT_LOC_STRINGS = YES;
				SWIFT_VERSION = 5.0;
				TARGETED_DEVICE_FAMILY = 1;
			};
			name = Release;
		};
/* End XCBuildConfiguration section */

/* Begin XCConfigurationList section */
		7853FDC62C40245D00956529 /* Build configuration list for PBXProject "App675" */ = {
			isa = XCConfigurationList;
			buildConfigurations = (
				7853FDD82C40245F00956529 /* Debug */,
				7853FDD92C40245F00956529 /* Release */,
			);
			defaultConfigurationIsVisible = 0;
			defaultConfigurationName = Release;
		};
		7853FDDA2C40245F00956529 /* Build configuration list for PBXNativeTarget "App675" */ = {
			isa = XCConfigurationList;
			buildConfigurations = (
				7853FDDB2C40245F00956529 /* Debug */,
				7853FDDC2C40245F00956529 /* Release */,
			);
			defaultConfigurationIsVisible = 0;
			defaultConfigurationName = Release;
		};
/* End XCConfigurationList section */

/* Begin XCVersionGroup section */
		7853FDFD2C46C49D00956529 /* CoreModel.xcdatamodeld */ = {
			isa = XCVersionGroup;
			children = (
				7853FDFE2C46C49D00956529 /* CoreModel.xcdatamodel */,
			);
			currentVersion = 7853FDFE2C46C49D00956529 /* CoreModel.xcdatamodel */;
			name = CoreModel.xcdatamodeld;
			path = /Users/igor/Documents/Applications/App675/App675/Project/Extensions/CoreModel.xcdatamodeld;
			sourceTree = "<group>";
			versionGroupType = wrapper.xcdatamodel;
		};
/* End XCVersionGroup section */
	};
	rootObject = 7853FDC32C40245D00956529 /* Project object */;
}
